
Microsoft Visual Studio Solution File, Format Version 12.00
# Visual Studio Version 16
VisualStudioVersion = 16.0.29102.190
MinimumVisualStudioVersion = 10.0.40219.1
Project("{FAE04EC0-301F-11D3-BF4B-00C04F79EFBC}") = "Sandbox", "Sandbox\Sandbox.csproj", "{6908FF43-C86E-47E9-96A7-590B70CB2B86}"
EndProject
Project("{FAE04EC0-301F-11D3-BF4B-00C04F79EFBC}") = "CustomListTests", "CustomListTests\CustomListTests.csproj", "{DCCA9B5C-C997-4E49-B775-F17D67BC1E64}"
EndProject
Global
	GlobalSection(SolutionConfigurationPlatforms) = preSolution
		Debug|Any CPU = Debug|Any CPU
		Release|Any CPU = Release|Any CPU
	EndGlobalSection
	GlobalSection(ProjectConfigurationPlatforms) = postSolution
		{6908FF43-C86E-47E9-96A7-590B70CB2B86}.Debug|Any CPU.ActiveCfg = Debug|Any CPU
		{6908FF43-C86E-47E9-96A7-590B70CB2B86}.Debug|Any CPU.Build.0 = Debug|Any CPU
		{6908FF43-C86E-47E9-96A7-590B70CB2B86}.Release|Any CPU.ActiveCfg = Release|Any CPU
		{6908FF43-C86E-47E9-96A7-590B70CB2B86}.Release|Any CPU.Build.0 = Release|Any CPU
		{DCCA9B5C-C997-4E49-B775-F17D67BC1E64}.Debug|Any CPU.ActiveCfg = Debug|Any CPU
		{DCCA9B5C-C997-4E49-B775-F17D67BC1E64}.Debug|Any CPU.Build.0 = Debug|Any CPU
		{DCCA9B5C-C997-4E49-B775-F17D67BC1E64}.Release|Any CPU.ActiveCfg = Release|Any CPU
		{DCCA9B5C-C997-4E49-B775-F17D67BC1E64}.Release|Any CPU.Build.0 = Release|Any CPU
	EndGlobalSection
	GlobalSection(SolutionProperties) = preSolution
		HideSolutionNode = FALSE
	EndGlobalSection
	GlobalSection(ExtensibilityGlobals) = postSolution
		SolutionGuid = {4EDCBF57-A99A-42D0-9566-686926EAFF17}
	EndGlobalSection
EndGlobal
